github.com/MikeAustin71/errpref v1.7.0 h1:slZuOQSI2W+iVkU4N6C9VNJ8N8EjzZTXY4HTR4O3CDw=
github.com/MikeAustin71/errpref v1.7.0/go.mod h1:DpSJw5aoiOGZUDO1QAZR1iE5WIsMhcOWJhhRA+D2HWM=
github.com/MikeAustin71/errpref v1.7.1 h1:Cr2cfsUtI7SGbPkxaOAZHKHsD8MopCXo74lLvLG1oCY=
github.com/MikeAustin71/errpref v1.7.1/go.mod h1:58PVw7dfw5om24uV1OzwiRxljRnQqrQBx/dKPBMZHm8=
